github.com/wlynxg/chardet v1.0.5 h1:BNEolSEujJUtKwkaqNb0D6Ue+d7VTKTh5rXDyEdiipU=
github.com/wlynxg/chardet v1.0.5/go.mod h1:q4N3YNbywQtX0u12Eh0+0LZB53Ayc7nOfHHaio+RcVA=
golang.org/x/text v0.37.0 h1:Cqjiwd9eSg8e0QAkyCaQTNHFIIzWtidPahFWR83rTrc=
golang.org/x/text v0.37.0/go.mod h1:a5sjxXGs9hsn/AJVwuElvCAo9v8QYLzvavO5z2PiM38=
